
Microsoft Visual Studio Solution File, Format Version 12.00
# Visual Studio 14
VisualStudioVersion = 14.0.25420.1
MinimumVisualStudioVersion = 10.0.40219.1
Project("{FAE04EC0-301F-11D3-BF4B-00C04F79EFBC}") = "SimpleCRUDcs", "SimpleCRUDcs\SimpleCRUDcs.csproj", "{E0C6AFD6-6634-4B5C-96FE-2A43000E8E01}"
EndProject
Project("{FAE04EC0-301F-11D3-BF4B-00C04F79EFBC}") = "SimpleCRUDcsModel", "SimpleCRUDcsModel\SimpleCRUDcsModel.csproj", "{0D25EECB-EE3F-4389-81B0-9BE354FB09DF}"
EndProject
Project("{FAE04EC0-301F-11D3-BF4B-00C04F79EFBC}") = "SimpleCRUDcsModelTests", "SimpleCRUDcsModelTests\SimpleCRUDcsModelTests.csproj", "{706EE4AC-9B77-4AF9-A48E-7DECBFDD8BF9}"
EndProject
Global
	GlobalSection(SolutionConfigurationPlatforms) = preSolution
		Debug|Any CPU = Debug|Any CPU
		Release|Any CPU = Release|Any CPU
	EndGlobalSection
	GlobalSection(ProjectConfigurationPlatforms) = postSolution
		{E0C6AFD6-6634-4B5C-96FE-2A43000E8E01}.Debug|Any CPU.ActiveCfg = Debug|Any CPU
		{E0C6AFD6-6634-4B5C-96FE-2A43000E8E01}.Debug|Any CPU.Build.0 = Debug|Any CPU
		{E0C6AFD6-6634-4B5C-96FE-2A43000E8E01}.Release|Any CPU.ActiveCfg = Release|Any CPU
		{E0C6AFD6-6634-4B5C-96FE-2A43000E8E01}.Release|Any CPU.Build.0 = Release|Any CPU
		{0D25EECB-EE3F-4389-81B0-9BE354FB09DF}.Debug|Any CPU.ActiveCfg = Debug|Any CPU
		{0D25EECB-EE3F-4389-81B0-9BE354FB09DF}.Debug|Any CPU.Build.0 = Debug|Any CPU
		{0D25EECB-EE3F-4389-81B0-9BE354FB09DF}.Release|Any CPU.ActiveCfg = Release|Any CPU
		{0D25EECB-EE3F-4389-81B0-9BE354FB09DF}.Release|Any CPU.Build.0 = Release|Any CPU
		{706EE4AC-9B77-4AF9-A48E-7DECBFDD8BF9}.Debug|Any CPU.ActiveCfg = Debug|Any CPU
		{706EE4AC-9B77-4AF9-A48E-7DECBFDD8BF9}.Debug|Any CPU.Build.0 = Debug|Any CPU
		{706EE4AC-9B77-4AF9-A48E-7DECBFDD8BF9}.Release|Any CPU.ActiveCfg = Release|Any CPU
		{706EE4AC-9B77-4AF9-A48E-7DECBFDD8BF9}.Release|Any CPU.Build.0 = Release|Any CPU
	EndGlobalSection
	GlobalSection(SolutionProperties) = preSolution
		HideSolutionNode = FALSE
	EndGlobalSection
EndGlobal
